PODS:
  - device_info (0.0.1):
    - Flutter
  - Flutter (1.0.0)
  - flutter_jpush (0.0.1):
    - Flutter
    - JPush
  - JCore (2.1.4)
  - JPush (3.2.6):
    - JCore (< 3.0.0, >= 2.0.0)

DEPENDENCIES:
  - device_info (from `.symlinks/plugins/device_info/ios`)
  - Flutter (from `.symlinks/flutter/ios`)
  - flutter_jpush (from `.symlinks/plugins/flutter_jpush/ios`)

SPEC REPOS:
  trunk:
    - JCore
    - JPush

EXTERNAL SOURCES:
  device_info:
    :path: ".symlinks/plugins/device_info/ios"
  Flutter:
    :path: ".symlinks/flutter/ios"
  flutter_jpush:
    :path: ".symlinks/plugins/flutter_jpush/ios"

SPEC CHECKSUMS:
  device_info: 3ebad48f726348f69abd802f3334a8d1ed795fbd
  Flutter: 0e3d915762c693b495b44d77113d4970485de6ec
  flutter_jpush: bb278c661136b2a2032e96ffc15bbce871d3fb02
  JCore: d345c049141877eb61c33011455fdb5fcab1673f
  JPush: 41dd48a69bd8c08abc692dc7f2b23c0fb281471f

PODFILE CHECKSUM: b6a0a141693093b304368d08511b46cf3d1d0ac5

COCOAPODS: 1.8.4
